
Microsoft Visual Studio Solution File, Format Version 12.00
# Visual Studio 2013
VisualStudioVersion = 12.0.21005.1
MinimumVisualStudioVersion = 10.0.40219.1
Project("{FAE04EC0-301F-11D3-BF4B-00C04F79EFBC}") = "Extensores", "Extensores\Extensores.csproj", "{807941AE-0BCF-4691-B1D5-91A6A5311874}"
EndProject
Project("{FAE04EC0-301F-11D3-BF4B-00C04F79EFBC}") = "AppExamen", "AppExamen\AppExamen.csproj", "{C9BAEDBE-139C-445B-BB21-5C14262968B7}"
EndProject
Project("{FAE04EC0-301F-11D3-BF4B-00C04F79EFBC}") = "ModeloExamen", "ModeloExamen\ModeloExamen.csproj", "{382B6DBA-8077-4A1B-A533-969962014FDA}"
EndProject
Global
	GlobalSection(SolutionConfigurationPlatforms) = preSolution
		Debug|Any CPU = Debug|Any CPU
		Release|Any CPU = Release|Any CPU
	EndGlobalSection
	GlobalSection(ProjectConfigurationPlatforms) = postSolution
		{807941AE-0BCF-4691-B1D5-91A6A5311874}.Debug|Any CPU.ActiveCfg = Debug|Any CPU
		{807941AE-0BCF-4691-B1D5-91A6A5311874}.Debug|Any CPU.Build.0 = Debug|Any CPU
		{807941AE-0BCF-4691-B1D5-91A6A5311874}.Release|Any CPU.ActiveCfg = Release|Any CPU
		{807941AE-0BCF-4691-B1D5-91A6A5311874}.Release|Any CPU.Build.0 = Release|Any CPU
		{C9BAEDBE-139C-445B-BB21-5C14262968B7}.Debug|Any CPU.ActiveCfg = Debug|Any CPU
		{C9BAEDBE-139C-445B-BB21-5C14262968B7}.Debug|Any CPU.Build.0 = Debug|Any CPU
		{C9BAEDBE-139C-445B-BB21-5C14262968B7}.Release|Any CPU.ActiveCfg = Release|Any CPU
		{C9BAEDBE-139C-445B-BB21-5C14262968B7}.Release|Any CPU.Build.0 = Release|Any CPU
		{382B6DBA-8077-4A1B-A533-969962014FDA}.Debug|Any CPU.ActiveCfg = Debug|Any CPU
		{382B6DBA-8077-4A1B-A533-969962014FDA}.Debug|Any CPU.Build.0 = Debug|Any CPU
		{382B6DBA-8077-4A1B-A533-969962014FDA}.Release|Any CPU.ActiveCfg = Release|Any CPU
		{382B6DBA-8077-4A1B-A533-969962014FDA}.Release|Any CPU.Build.0 = Release|Any CPU
	EndGlobalSection
	GlobalSection(SolutionProperties) = preSolution
		HideSolutionNode = FALSE
	EndGlobalSection
EndGlobal
