
Microsoft Visual Studio Solution File, Format Version 12.00
# Visual Studio 14
VisualStudioVersion = 14.0.24720.0
MinimumVisualStudioVersion = 10.0.40219.1
Project("{FAE04EC0-301F-11D3-BF4B-00C04F79EFBC}") = "Genetics", "Genetics\Genetics.csproj", "{A010A312-7E91-46C1-B266-21D9A8E83304}"
EndProject
Project("{FAE04EC0-301F-11D3-BF4B-00C04F79EFBC}") = "TestGenetics", "TestGenetics\TestGenetics.csproj", "{18E8FECA-95BA-4317-8863-5F65B16CB626}"
EndProject
Global
	GlobalSection(SolutionConfigurationPlatforms) = preSolution
		Debug|Any CPU = Debug|Any CPU
		Release|Any CPU = Release|Any CPU
	EndGlobalSection
	GlobalSection(ProjectConfigurationPlatforms) = postSolution
		{A010A312-7E91-46C1-B266-21D9A8E83304}.Debug|Any CPU.ActiveCfg = Debug|Any CPU
		{A010A312-7E91-46C1-B266-21D9A8E83304}.Debug|Any CPU.Build.0 = Debug|Any CPU
		{A010A312-7E91-46C1-B266-21D9A8E83304}.Release|Any CPU.ActiveCfg = Release|Any CPU
		{A010A312-7E91-46C1-B266-21D9A8E83304}.Release|Any CPU.Build.0 = Release|Any CPU
		{18E8FECA-95BA-4317-8863-5F65B16CB626}.Debug|Any CPU.ActiveCfg = Debug|Any CPU
		{18E8FECA-95BA-4317-8863-5F65B16CB626}.Debug|Any CPU.Build.0 = Debug|Any CPU
		{18E8FECA-95BA-4317-8863-5F65B16CB626}.Release|Any CPU.ActiveCfg = Release|Any CPU
		{18E8FECA-95BA-4317-8863-5F65B16CB626}.Release|Any CPU.Build.0 = Release|Any CPU
	EndGlobalSection
	GlobalSection(SolutionProperties) = preSolution
		HideSolutionNode = FALSE
	EndGlobalSection
EndGlobal
