
Microsoft Visual Studio Solution File, Format Version 12.00
# Visual Studio 14
VisualStudioVersion = 14.0.24720.0
MinimumVisualStudioVersion = 10.0.40219.1
Project("{FAE04EC0-301F-11D3-BF4B-00C04F79EFBC}") = "HyperbolicFunctions", "HyperbolicFunctions\HyperbolicFunctions.csproj", "{A97C1A9A-DE63-4B9C-8D14-24AEEA1E4E6D}"
EndProject
Project("{FAE04EC0-301F-11D3-BF4B-00C04F79EFBC}") = "ConsoleApplication1", "ConsoleApplication1\ConsoleApplication1.csproj", "{DB81E8A6-CAD9-465A-BBA8-B17290FC7699}"
EndProject
Global
	GlobalSection(SolutionConfigurationPlatforms) = preSolution
		Debug|Any CPU = Debug|Any CPU
		Release|Any CPU = Release|Any CPU
	EndGlobalSection
	GlobalSection(ProjectConfigurationPlatforms) = postSolution
		{A97C1A9A-DE63-4B9C-8D14-24AEEA1E4E6D}.Debug|Any CPU.ActiveCfg = Debug|Any CPU
		{A97C1A9A-DE63-4B9C-8D14-24AEEA1E4E6D}.Debug|Any CPU.Build.0 = Debug|Any CPU
		{A97C1A9A-DE63-4B9C-8D14-24AEEA1E4E6D}.Release|Any CPU.ActiveCfg = Release|Any CPU
		{A97C1A9A-DE63-4B9C-8D14-24AEEA1E4E6D}.Release|Any CPU.Build.0 = Release|Any CPU
		{DB81E8A6-CAD9-465A-BBA8-B17290FC7699}.Debug|Any CPU.ActiveCfg = Debug|Any CPU
		{DB81E8A6-CAD9-465A-BBA8-B17290FC7699}.Debug|Any CPU.Build.0 = Debug|Any CPU
		{DB81E8A6-CAD9-465A-BBA8-B17290FC7699}.Release|Any CPU.ActiveCfg = Release|Any CPU
		{DB81E8A6-CAD9-465A-BBA8-B17290FC7699}.Release|Any CPU.Build.0 = Release|Any CPU
	EndGlobalSection
	GlobalSection(SolutionProperties) = preSolution
		HideSolutionNode = FALSE
	EndGlobalSection
EndGlobal
